
Microsoft Visual Studio Solution File, Format Version 12.00
# Visual Studio Version 17
VisualStudioVersion = 17.6.33829.357
MinimumVisualStudioVersion = 10.0.40219.1
Project("{FAE04EC0-301F-11D3-BF4B-00C04F79EFBC}") = "TiaTest3", "TiaTest3\TiaTest3.csproj", "{F11C692F-3AAB-4BF9-BD3C-DF522F910173}"
EndProject
Global
	GlobalSection(SolutionConfigurationPlatforms) = preSolution
		Debug|Any CPU = Debug|Any CPU
		Release|Any CPU = Release|Any CPU
	EndGlobalSection
	GlobalSection(ProjectConfigurationPlatforms) = postSolution
		{F11C692F-3AAB-4BF9-BD3C-DF522F910173}.Debug|Any CPU.ActiveCfg = Debug|Any CPU
		{F11C692F-3AAB-4BF9-BD3C-DF522F910173}.Debug|Any CPU.Build.0 = Debug|Any CPU
		{F11C692F-3AAB-4BF9-BD3C-DF522F910173}.Release|Any CPU.ActiveCfg = Release|Any CPU
		{F11C692F-3AAB-4BF9-BD3C-DF522F910173}.Release|Any CPU.Build.0 = Release|Any CPU
	EndGlobalSection
	GlobalSection(SolutionProperties) = preSolution
		HideSolutionNode = FALSE
	EndGlobalSection
	GlobalSection(ExtensibilityGlobals) = postSolution
		SolutionGuid = {D98FED7E-C358-466D-ABF2-469D3F07F789}
	EndGlobalSection
EndGlobal
